
Microsoft Visual Studio Solution File, Format Version 12.00
# Visual Studio Version 17
VisualStudioVersion = 17.11.35327.3
MinimumVisualStudioVersion = 10.0.40219.1
Project("{8BC9CEB8-8B4A-11D0-8D11-00A0C91BC942}") = "Tema 4", "Tema 4\Tema 4.vcxproj", "{77227072-6F18-437A-8CE6-161DB2ED6497}"
EndProject
Global
	GlobalSection(SolutionConfigurationPlatforms) = preSolution
		Debug|x64 = Debug|x64
		Debug|x86 = Debug|x86
		Release|x64 = Release|x64
		Release|x86 = Release|x86
	EndGlobalSection
	GlobalSection(ProjectConfigurationPlatforms) = postSolution
		{77227072-6F18-437A-8CE6-161DB2ED6497}.Debug|x64.ActiveCfg = Debug|x64
		{77227072-6F18-437A-8CE6-161DB2ED6497}.Debug|x64.Build.0 = Debug|x64
		{77227072-6F18-437A-8CE6-161DB2ED6497}.Debug|x86.ActiveCfg = Debug|Win32
		{77227072-6F18-437A-8CE6-161DB2ED6497}.Debug|x86.Build.0 = Debug|Win32
		{77227072-6F18-437A-8CE6-161DB2ED6497}.Release|x64.ActiveCfg = Release|x64
		{77227072-6F18-437A-8CE6-161DB2ED6497}.Release|x64.Build.0 = Release|x64
		{77227072-6F18-437A-8CE6-161DB2ED6497}.Release|x86.ActiveCfg = Release|Win32
		{77227072-6F18-437A-8CE6-161DB2ED6497}.Release|x86.Build.0 = Release|Win32
	EndGlobalSection
	GlobalSection(SolutionProperties) = preSolution
		HideSolutionNode = FALSE
	EndGlobalSection
	GlobalSection(ExtensibilityGlobals) = postSolution
		SolutionGuid = {03BE8C43-AFA5-4B98-9B83-D369E962F040}
	EndGlobalSection
EndGlobal
